// !$*UTF8*$!
{
	archiveVersion = 1;
	classes = {
	};
	objectVersion = 46;
	objects = {

/* Begin PBXBuildFile section */
		2122E6591AD8A6070008B92D /* InfoViewController.swift in Sources */ = {isa = PBXBuildFile; fileRef = 2122E6581AD8A6070008B92D /* InfoViewController.swift */; };
		212666771AD42E4A00B13622 /* Formations.plist in Resources */ = {isa = PBXBuildFile; fileRef = 212666761AD42E4A00B13622 /* Formations.plist */; };
		2143FA331B06BBF4009AF434 /* RandomController.swift in Sources */ = {isa = PBXBuildFile; fileRef = 2143FA321B06BBF4009AF434 /* RandomController.swift */; };
		2143FA351B06BC03009AF434 /* BlockController.swift in Sources */ = {isa = PBXBuildFile; fileRef = 2143FA341B06BC03009AF434 /* BlockController.swift */; };
		216703EF1B3F4506003AE4EA /* Octomino WatchKit Extension.appex in Embed App Extensions */ = {isa = PBXBuildFile; fileRef = 21A860431B039F7E006ED4D3 /* Octomino WatchKit Extension.appex */; settings = {ATTRIBUTES = (RemoveHeadersOnCopy, ); }; };
		216703F21B3F4506003AE4EA /* Octomino WatchKit App.app in Embed Watch Content */ = {isa = PBXBuildFile; fileRef = 21A8604D1B039F7E006ED4D3 /* Octomino WatchKit App.app */; };
		219EE4431AD0DB8500045DF2 /* AppDelegate.swift in Sources */ = {isa = PBXBuildFile; fileRef = 219EE4421AD0DB8500045DF2 /* AppDelegate.swift */; };
		219EE4451AD0DB8500045DF2 /* MainViewController.swift in Sources */ = {isa = PBXBuildFile; fileRef = 219EE4441AD0DB8500045DF2 /* MainViewController.swift */; };
		219EE4481AD0DB8500045DF2 /* Main.storyboard in Resources */ = {isa = PBXBuildFile; fileRef = 219EE4461AD0DB8500045DF2 /* Main.storyboard */; };
		219EE44A1AD0DB8500045DF2 /* Images.xcassets in Resources */ = {isa = PBXBuildFile; fileRef = 219EE4491AD0DB8500045DF2 /* Images.xcassets */; };
		219EE44D1AD0DB8500045DF2 /* LaunchScreen.xib in Resources */ = {isa = PBXBuildFile; fileRef = 219EE44B1AD0DB8500045DF2 /* LaunchScreen.xib */; };
		219EE4591AD0DB8600045DF2 /* OctominoTests.swift in Sources */ = {isa = PBXBuildFile; fileRef = 219EE4581AD0DB8600045DF2 /* OctominoTests.swift */; };
		21A0ABAB1AD38AD50015EE54 /* OneKeyFormationCell.swift in Sources */ = {isa = PBXBuildFile; fileRef = 21A0ABA91AD38AD50015EE54 /* OneKeyFormationCell.swift */; };
		21A0ABAC1AD38AD50015EE54 /* OneKeyFormationCell.xib in Resources */ = {isa = PBXBuildFile; fileRef = 21A0ABAA1AD38AD50015EE54 /* OneKeyFormationCell.xib */; };
		21A0ABAF1AD38B7E0015EE54 /* TwoKeyFormationCell.swift in Sources */ = {isa = PBXBuildFile; fileRef = 21A0ABAD1AD38B7E0015EE54 /* TwoKeyFormationCell.swift */; };
		21A0ABB01AD38B7E0015EE54 /* TwoKeyFormationCell.xib in Resources */ = {isa = PBXBuildFile; fileRef = 21A0ABAE1AD38B7E0015EE54 /* TwoKeyFormationCell.xib */; };
		21A250BC1AD5FBB400B1E8DD /* FormationCell.swift in Sources */ = {isa = PBXBuildFile; fileRef = 21A250BB1AD5FBB400B1E8DD /* FormationCell.swift */; };
		21A860481B039F7E006ED4D3 /* InterfaceController.swift in Sources */ = {isa = PBXBuildFile; fileRef = 21A860471B039F7E006ED4D3 /* InterfaceController.swift */; };
		21A8604A1B039F7E006ED4D3 /* Images.xcassets in Resources */ = {isa = PBXBuildFile; fileRef = 21A860491B039F7E006ED4D3 /* Images.xcassets */; };
		21A860561B039F7E006ED4D3 /* Interface.storyboard in Resources */ = {isa = PBXBuildFile; fileRef = 21A860541B039F7E006ED4D3 /* Interface.storyboard */; };
		21A860581B039F7E006ED4D3 /* Images.xcassets in Resources */ = {isa = PBXBuildFile; fileRef = 21A860571B039F7E006ED4D3 /* Images.xcassets */; };
		21A860661B03A552006ED4D3 /* Formations.plist in Resources */ = {isa = PBXBuildFile; fileRef = 212666761AD42E4A00B13622 /* Formations.plist */; };
/* End PBXBuildFile section */

/* Begin PBXContainerItemProxy section */
		216703ED1B3F4506003AE4EA /* PBXContainerItemProxy */ = {
			isa = PBXContainerItemProxy;
			containerPortal = 219EE4351AD0DB8500045DF2 /* Project object */;
			proxyType = 1;
			remoteGlobalIDString = 21A860421B039F7E006ED4D3;
			remoteInfo = "Octomino WatchKit Extension";
		};
		216703F01B3F4506003AE4EA /* PBXContainerItemProxy */ = {
			isa = PBXContainerItemProxy;
			containerPortal = 219EE4351AD0DB8500045DF2 /* Project object */;
			proxyType = 1;
			remoteGlobalIDString = 21A8604C1B039F7E006ED4D3;
			remoteInfo = "Octomino WatchKit App";
		};
		219EE4531AD0DB8600045DF2 /* PBXContainerItemProxy */ = {
			isa = PBXContainerItemProxy;
			containerPortal = 219EE4351AD0DB8500045DF2 /* Project object */;
			proxyType = 1;
			remoteGlobalIDString = 219EE43C1AD0DB8500045DF2;
			remoteInfo = Octomino;
		};
/* End PBXContainerItemProxy section */

/* Begin PBXCopyFilesBuildPhase section */
		216703F31B3F4506003AE4EA /* Embed App Extensions */ = {
			isa = PBXCopyFilesBuildPhase;
			buildActionMask = 2147483647;
			dstPath = "";
			dstSubfolderSpec = 13;
			files = (
				216703EF1B3F4506003AE4EA /* Octomino WatchKit Extension.appex in Embed App Extensions */,
			);
			name = "Embed App Extensions";
			runOnlyForDeploymentPostprocessing = 0;
		};
		216703F41B3F4506003AE4EA /* Embed Watch Content */ = {
			isa = PBXCopyFilesBuildPhase;
			buildActionMask = 2147483647;
			dstPath = "$(CONTENTS_FOLDER_PATH)/Watch";
			dstSubfolderSpec = 16;
			files = (
				216703F21B3F4506003AE4EA /* Octomino WatchKit App.app in Embed Watch Content */,
			);
			name = "Embed Watch Content";
			runOnlyForDeploymentPostprocessing = 0;
		};
/* End PBXCopyFilesBuildPhase section */

/* Begin PBXFileReference section */
		2122E6581AD8A6070008B92D /* InfoViewController.swift */ = {isa = PBXFileReference; fileEncoding = 4; lastKnownFileType = sourcecode.swift; path = InfoViewController.swift; sourceTree = "<group>"; };
		212666761AD42E4A00B13622 /* Formations.plist */ = {isa = PBXFileReference; fileEncoding = 4; lastKnownFileType = text.plist.xml; path = Formations.plist; sourceTree = "<group>"; };
		2143FA321B06BBF4009AF434 /* RandomController.swift */ = {isa = PBXFileReference; fileEncoding = 4; lastKnownFileType = sourcecode.swift; path = RandomController.swift; sourceTree = "<group>"; };
		2143FA341B06BC03009AF434 /* BlockController.swift */ = {isa = PBXFileReference; fileEncoding = 4; lastKnownFileType = sourcecode.swift; path = BlockController.swift; sourceTree = "<group>"; };
		219EE43D1AD0DB8500045DF2 /* Octomino.app */ = {isa = PBXFileReference; explicitFileType = wrapper.application; includeInIndex = 0; path = Octomino.app; sourceTree = BUILT_PRODUCTS_DIR; };
		219EE4411AD0DB8500045DF2 /* Info.plist */ = {isa = PBXFileReference; lastKnownFileType = text.plist.xml; path = Info.plist; sourceTree = "<group>"; };
		219EE4421AD0DB8500045DF2 /* AppDelegate.swift */ = {isa = PBXFileReference; lastKnownFileType = sourcecode.swift; path = AppDelegate.swift; sourceTree = "<group>"; };
		219EE4441AD0DB8500045DF2 /* MainViewController.swift */ = {isa = PBXFileReference; lastKnownFileType = sourcecode.swift; path = MainViewController.swift; sourceTree = "<group>"; };
		219EE4471AD0DB8500045DF2 /* Base */ = {isa = PBXFileReference; lastKnownFileType = file.storyboard; name = Base; path = Base.lproj/Main.storyboard; sourceTree = "<group>"; };
		219EE4491AD0DB8500045DF2 /* Images.xcassets */ = {isa = PBXFileReference; lastKnownFileType = folder.assetcatalog; path = Images.xcassets; sourceTree = "<group>"; };
		219EE44C1AD0DB8500045DF2 /* Base */ = {isa = PBXFileReference; lastKnownFileType = file.xib; name = Base; path = Base.lproj/LaunchScreen.xib; sourceTree = "<group>"; };
		219EE4521AD0DB8600045DF2 /* OctominoTests.xctest */ = {isa = PBXFileReference; explicitFileType = wrapper.cfbundle; includeInIndex = 0; path = OctominoTests.xctest; sourceTree = BUILT_PRODUCTS_DIR; };
		219EE4571AD0DB8600045DF2 /* Info.plist */ = {isa = PBXFileReference; lastKnownFileType = text.plist.xml; path = Info.plist; sourceTree = "<group>"; };
		219EE4581AD0DB8600045DF2 /* OctominoTests.swift */ = {isa = PBXFileReference; lastKnownFileType = sourcecode.swift; path = OctominoTests.swift; sourceTree = "<group>"; };
		21A0ABA91AD38AD50015EE54 /* OneKeyFormationCell.swift */ = {isa = PBXFileReference; fileEncoding = 4; lastKnownFileType = sourcecode.swift; path = OneKeyFormationCell.swift; sourceTree = "<group>"; };
		21A0ABAA1AD38AD50015EE54 /* OneKeyFormationCell.xib */ = {isa = PBXFileReference; fileEncoding = 4; lastKnownFileType = file.xib; path = OneKeyFormationCell.xib; sourceTree = "<group>"; };
		21A0ABAD1AD38B7E0015EE54 /* TwoKeyFormationCell.swift */ = {isa = PBXFileReference; fileEncoding = 4; lastKnownFileType = sourcecode.swift; path = TwoKeyFormationCell.swift; sourceTree = "<group>"; };
		21A0ABAE1AD38B7E0015EE54 /* TwoKeyFormationCell.xib */ = {isa = PBXFileReference; fileEncoding = 4; lastKnownFileType = file.xib; path = TwoKeyFormationCell.xib; sourceTree = "<group>"; };
		21A250BB1AD5FBB400B1E8DD /* FormationCell.swift */ = {isa = PBXFileReference; fileEncoding = 4; lastKnownFileType = sourcecode.swift; path = FormationCell.swift; sourceTree = "<group>"; };
		21A860431B039F7E006ED4D3 /* Octomino WatchKit Extension.appex */ = {isa = PBXFileReference; explicitFileType = "wrapper.app-extension"; includeInIndex = 0; path = "Octomino WatchKit Extension.appex"; sourceTree = BUILT_PRODUCTS_DIR; };
		21A860461B039F7E006ED4D3 /* Info.plist */ = {isa = PBXFileReference; lastKnownFileType = text.plist.xml; path = Info.plist; sourceTree = "<group>"; };
		21A860471B039F7E006ED4D3 /* InterfaceController.swift */ = {isa = PBXFileReference; lastKnownFileType = sourcecode.swift; path = InterfaceController.swift; sourceTree = "<group>"; };
		21A860491B039F7E006ED4D3 /* Images.xcassets */ = {isa = PBXFileReference; lastKnownFileType = folder.assetcatalog; path = Images.xcassets; sourceTree = "<group>"; };
		21A8604D1B039F7E006ED4D3 /* Octomino WatchKit App.app */ = {isa = PBXFileReference; explicitFileType = wrapper.application; includeInIndex = 0; path = "Octomino WatchKit App.app"; sourceTree = BUILT_PRODUCTS_DIR; };
		21A860531B039F7E006ED4D3 /* Info.plist */ = {isa = PBXFileReference; lastKnownFileType = text.plist.xml; path = Info.plist; sourceTree = "<group>"; };
		21A860551B039F7E006ED4D3 /* Base */ = {isa = PBXFileReference; lastKnownFileType = file.storyboard; name = Base; path = Base.lproj/Interface.storyboard; sourceTree = "<group>"; };
		21A860571B039F7E006ED4D3 /* Images.xcassets */ = {isa = PBXFileReference; lastKnownFileType = folder.assetcatalog; path = Images.xcassets; sourceTree = "<group>"; };
/* End PBXFileReference section */

/* Begin PBXFrameworksBuildPhase section */
		219EE43A1AD0DB8500045DF2 /* Frameworks */ = {
			isa = PBXFrameworksBuildPhase;
			buildActionMask = 2147483647;
			files = (
			);
			runOnlyForDeploymentPostprocessing = 0;
		};
		219EE44F1AD0DB8600045DF2 /* Frameworks */ = {
			isa = PBXFrameworksBuildPhase;
			buildActionMask = 2147483647;
			files = (
			);
			runOnlyForDeploymentPostprocessing = 0;
		};
		21A860401B039F7E006ED4D3 /* Frameworks */ = {
			isa = PBXFrameworksBuildPhase;
			buildActionMask = 2147483647;
			files = (
			);
			runOnlyForDeploymentPostprocessing = 0;
		};
/* End PBXFrameworksBuildPhase section */

/* Begin PBXGroup section */
		219EE4341AD0DB8500045DF2 = {
			isa = PBXGroup;
			children = (
				219EE43F1AD0DB8500045DF2 /* Octomino */,
				219EE4551AD0DB8600045DF2 /* OctominoTests */,
				21A860441B039F7E006ED4D3 /* Octomino WatchKit Extension */,
				21A860511B039F7E006ED4D3 /* Octomino WatchKit App */,
				219EE43E1AD0DB8500045DF2 /* Products */,
			);
			sourceTree = "<group>";
		};
		219EE43E1AD0DB8500045DF2 /* Products */ = {
			isa = PBXGroup;
			children = (
				219EE43D1AD0DB8500045DF2 /* Octomino.app */,
				219EE4521AD0DB8600045DF2 /* OctominoTests.xctest */,
				21A860431B039F7E006ED4D3 /* Octomino WatchKit Extension.appex */,
				21A8604D1B039F7E006ED4D3 /* Octomino WatchKit App.app */,
			);
			name = Products;
			sourceTree = "<group>";
		};
		219EE43F1AD0DB8500045DF2 /* Octomino */ = {
			isa = PBXGroup;
			children = (
				219EE4421AD0DB8500045DF2 /* AppDelegate.swift */,
				219EE4441AD0DB8500045DF2 /* MainViewController.swift */,
				219EE4461AD0DB8500045DF2 /* Main.storyboard */,
				219EE4491AD0DB8500045DF2 /* Images.xcassets */,
				219EE44B1AD0DB8500045DF2 /* LaunchScreen.xib */,
				219EE4401AD0DB8500045DF2 /* Supporting Files */,
				21A250BB1AD5FBB400B1E8DD /* FormationCell.swift */,
				21A0ABA91AD38AD50015EE54 /* OneKeyFormationCell.swift */,
				21A0ABAA1AD38AD50015EE54 /* OneKeyFormationCell.xib */,
				21A0ABAD1AD38B7E0015EE54 /* TwoKeyFormationCell.swift */,
				21A0ABAE1AD38B7E0015EE54 /* TwoKeyFormationCell.xib */,
				2122E6581AD8A6070008B92D /* InfoViewController.swift */,
			);
			path = Octomino;
			sourceTree = "<group>";
		};
		219EE4401AD0DB8500045DF2 /* Supporting Files */ = {
			isa = PBXGroup;
			children = (
				219EE4411AD0DB8500045DF2 /* Info.plist */,
				212666761AD42E4A00B13622 /* Formations.plist */,
			);
			name = "Supporting Files";
			sourceTree = "<group>";
		};
		219EE4551AD0DB8600045DF2 /* OctominoTests */ = {
			isa = PBXGroup;
			children = (
				219EE4581AD0DB8600045DF2 /* OctominoTests.swift */,
				219EE4561AD0DB8600045DF2 /* Supporting Files */,
			);
			path = OctominoTests;
			sourceTree = "<group>";
		};
		219EE4561AD0DB8600045DF2 /* Supporting Files */ = {
			isa = PBXGroup;
			children = (
				219EE4571AD0DB8600045DF2 /* Info.plist */,
			);
			name = "Supporting Files";
			sourceTree = "<group>";
		};
		21A860441B039F7E006ED4D3 /* Octomino WatchKit Extension */ = {
			isa = PBXGroup;
			children = (
				21A860471B039F7E006ED4D3 /* InterfaceController.swift */,
				2143FA321B06BBF4009AF434 /* RandomController.swift */,
				2143FA341B06BC03009AF434 /* BlockController.swift */,
				21A860491B039F7E006ED4D3 /* Images.xcassets */,
				21A860451B039F7E006ED4D3 /* Supporting Files */,
			);
			path = "Octomino WatchKit Extension";
			sourceTree = "<group>";
		};
		21A860451B039F7E006ED4D3 /* Supporting Files */ = {
			isa = PBXGroup;
			children = (
				21A860461B039F7E006ED4D3 /* Info.plist */,
			);
			name = "Supporting Files";
			sourceTree = "<group>";
		};
		21A860511B039F7E006ED4D3 /* Octomino WatchKit App */ = {
			isa = PBXGroup;
			children = (
				21A860541B039F7E006ED4D3 /* Interface.storyboard */,
				21A860571B039F7E006ED4D3 /* Images.xcassets */,
				21A860521B039F7E006ED4D3 /* Supporting Files */,
			);
			path = "Octomino WatchKit App";
			sourceTree = "<group>";
		};
		21A860521B039F7E006ED4D3 /* Supporting Files */ = {
			isa = PBXGroup;
			children = (
				21A860531B039F7E006ED4D3 /* Info.plist */,
			);
			name = "Supporting Files";
			sourceTree = "<group>";
		};
/* End PBXGroup section */

/* Begin PBXNativeTarget section */
		219EE43C1AD0DB8500045DF2 /* Octomino */ = {
			isa = PBXNativeTarget;
			buildConfigurationList = 219EE45C1AD0DB8600045DF2 /* Build configuration list for PBXNativeTarget "Octomino" */;
			buildPhases = (
				219EE4391AD0DB8500045DF2 /* Sources */,
				219EE43A1AD0DB8500045DF2 /* Frameworks */,
				219EE43B1AD0DB8500045DF2 /* Resources */,
				216703F41B3F4506003AE4EA /* Embed Watch Content */,
			);
			buildRules = (
			);
			dependencies = (
				216703F11B3F4506003AE4EA /* PBXTargetDependency */,
			);
			name = Octomino;
			productName = Octomino;
			productReference = 219EE43D1AD0DB8500045DF2 /* Octomino.app */;
			productType = "com.apple.product-type.application";
		};
		219EE4511AD0DB8600045DF2 /* OctominoTests */ = {
			isa = PBXNativeTarget;
			buildConfigurationList = 219EE45F1AD0DB8600045DF2 /* Build configuration list for PBXNativeTarget "OctominoTests" */;
			buildPhases = (
				219EE44E1AD0DB8600045DF2 /* Sources */,
				219EE44F1AD0DB8600045DF2 /* Frameworks */,
				219EE4501AD0DB8600045DF2 /* Resources */,
			);
			buildRules = (
			);
			dependencies = (
				219EE4541AD0DB8600045DF2 /* PBXTargetDependency */,
			);
			name = OctominoTests;
			productName = OctominoTests;
			productReference = 219EE4521AD0DB8600045DF2 /* OctominoTests.xctest */;
			productType = "com.apple.product-type.bundle.unit-test";
		};
		21A860421B039F7E006ED4D3 /* Octomino WatchKit Extension */ = {
			isa = PBXNativeTarget;
			buildConfigurationList = 21A860611B039F7F006ED4D3 /* Build configuration list for PBXNativeTarget "Octomino WatchKit Extension" */;
			buildPhases = (
				21A8603F1B039F7E006ED4D3 /* Sources */,
				21A860401B039F7E006ED4D3 /* Frameworks */,
				21A860411B039F7E006ED4D3 /* Resources */,
			);
			buildRules = (
			);
			dependencies = (
			);
			name = "Octomino WatchKit Extension";
			productName = "Octomino WatchKit Extension";
			productReference = 21A860431B039F7E006ED4D3 /* Octomino WatchKit Extension.appex */;
			productType = "com.apple.product-type.watchkit2-extension";
		};
		21A8604C1B039F7E006ED4D3 /* Octomino WatchKit App */ = {
			isa = PBXNativeTarget;
			buildConfigurationList = 21A860601B039F7F006ED4D3 /* Build configuration list for PBXNativeTarget "Octomino WatchKit App" */;
			buildPhases = (
				21A8604B1B039F7E006ED4D3 /* Resources */,
				216703F31B3F4506003AE4EA /* Embed App Extensions */,
			);
			buildRules = (
			);
			dependencies = (
				216703EE1B3F4506003AE4EA /* PBXTargetDependency */,
			);
			name = "Octomino WatchKit App";
			productName = "Octomino WatchKit App";
			productReference = 21A8604D1B039F7E006ED4D3 /* Octomino WatchKit App.app */;
			productType = "com.apple.product-type.application.watchapp2";
		};
/* End PBXNativeTarget section */

/* Begin PBXProject section */
		219EE4351AD0DB8500045DF2 /* Project object */ = {
			isa = PBXProject;
			attributes = {
				LastSwiftUpdateCheck = 0700;
				LastUpgradeCheck = 0700;
				ORGANIZATIONNAME = "Head Down Development";
				TargetAttributes = {
					219EE43C1AD0DB8500045DF2 = {
						CreatedOnToolsVersion = 6.2;
						DevelopmentTeam = 33E9WP8948;
					};
					219EE4511AD0DB8600045DF2 = {
						CreatedOnToolsVersion = 6.2;
						TestTargetID = 219EE43C1AD0DB8500045DF2;
					};
					21A860421B039F7E006ED4D3 = {
						CreatedOnToolsVersion = 6.3.1;
						DevelopmentTeam = 33E9WP8948;
					};
					21A8604C1B039F7E006ED4D3 = {
						CreatedOnToolsVersion = 6.3.1;
						DevelopmentTeam = 33E9WP8948;
					};
				};
			};
			buildConfigurationList = 219EE4381AD0DB8500045DF2 /* Build configuration list for PBXProject "Octomino" */;
			compatibilityVersion = "Xcode 3.2";
			developmentRegion = English;
			hasScannedForEncodings = 0;
			knownRegions = (
				en,
				Base,
			);
			mainGroup = 219EE4341AD0DB8500045DF2;
			productRefGroup = 219EE43E1AD0DB8500045DF2 /* Products */;
			projectDirPath = "";
			projectRoot = "";
			targets = (
				219EE43C1AD0DB8500045DF2 /* Octomino */,
				219EE4511AD0DB8600045DF2 /* OctominoTests */,
				21A860421B039F7E006ED4D3 /* Octomino WatchKit Extension */,
				21A8604C1B039F7E006ED4D3 /* Octomino WatchKit App */,
			);
		};
/* End PBXProject section */

/* Begin PBXResourcesBuildPhase section */
		219EE43B1AD0DB8500045DF2 /* Resources */ = {
			isa = PBXResourcesBuildPhase;
			buildActionMask = 2147483647;
			files = (
				21A0ABB01AD38B7E0015EE54 /* TwoKeyFormationCell.xib in Resources */,
				219EE4481AD0DB8500045DF2 /* Main.storyboard in Resources */,
				212666771AD42E4A00B13622 /* Formations.plist in Resources */,
				219EE44D1AD0DB8500045DF2 /* LaunchScreen.xib in Resources */,
				21A0ABAC1AD38AD50015EE54 /* OneKeyFormationCell.xib in Resources */,
				219EE44A1AD0DB8500045DF2 /* Images.xcassets in Resources */,
			);
			runOnlyForDeploymentPostprocessing = 0;
		};
		219EE4501AD0DB8600045DF2 /* Resources */ = {
			isa = PBXResourcesBuildPhase;
			buildActionMask = 2147483647;
			files = (
			);
			runOnlyForDeploymentPostprocessing = 0;
		};
		21A860411B039F7E006ED4D3 /* Resources */ = {
			isa = PBXResourcesBuildPhase;
			buildActionMask = 2147483647;
			files = (
				21A8604A1B039F7E006ED4D3 /* Images.xcassets in Resources */,
				21A860661B03A552006ED4D3 /* Formations.plist in Resources */,
			);
			runOnlyForDeploymentPostprocessing = 0;
		};
		21A8604B1B039F7E006ED4D3 /* Resources */ = {
			isa = PBXResourcesBuildPhase;
			buildActionMask = 2147483647;
			files = (
				21A860561B039F7E006ED4D3 /* Interface.storyboard in Resources */,
				21A860581B039F7E006ED4D3 /* Images.xcassets in Resources */,
			);
			runOnlyForDeploymentPostprocessing = 0;
		};
/* End PBXResourcesBuildPhase section */

/* Begin PBXSourcesBuildPhase section */
		219EE4391AD0DB8500045DF2 /* Sources */ = {
			isa = PBXSourcesBuildPhase;
			buildActionMask = 2147483647;
			files = (
				21A0ABAB1AD38AD50015EE54 /* OneKeyFormationCell.swift in Sources */,
				21A0ABAF1AD38B7E0015EE54 /* TwoKeyFormationCell.swift in Sources */,
				219EE4451AD0DB8500045DF2 /* MainViewController.swift in Sources */,
				219EE4431AD0DB8500045DF2 /* AppDelegate.swift in Sources */,
				2122E6591AD8A6070008B92D /* InfoViewController.swift in Sources */,
				21A250BC1AD5FBB400B1E8DD /* FormationCell.swift in Sources */,
			);
			runOnlyForDeploymentPostprocessing = 0;
		};
		219EE44E1AD0DB8600045DF2 /* Sources */ = {
			isa = PBXSourcesBuildPhase;
			buildActionMask = 2147483647;
			files = (
				219EE4591AD0DB8600045DF2 /* OctominoTests.swift in Sources */,
			);
			runOnlyForDeploymentPostprocessing = 0;
		};
		21A8603F1B039F7E006ED4D3 /* Sources */ = {
			isa = PBXSourcesBuildPhase;
			buildActionMask = 2147483647;
			files = (
				2143FA331B06BBF4009AF434 /* RandomController.swift in Sources */,
				21A860481B039F7E006ED4D3 /* InterfaceController.swift in Sources */,
				2143FA351B06BC03009AF434 /* BlockController.swift in Sources */,
			);
			runOnlyForDeploymentPostprocessing = 0;
		};
/* End PBXSourcesBuildPhase section */

/* Begin PBXTargetDependency section */
		216703EE1B3F4506003AE4EA /* PBXTargetDependency */ = {
			isa = PBXTargetDependency;
			target = 21A860421B039F7E006ED4D3 /* Octomino WatchKit Extension */;
			targetProxy = 216703ED1B3F4506003AE4EA /* PBXContainerItemProxy */;
		};
		216703F11B3F4506003AE4EA /* PBXTargetDependency */ = {
			isa = PBXTargetDependency;
			target = 21A8604C1B039F7E006ED4D3 /* Octomino WatchKit App */;
			targetProxy = 216703F01B3F4506003AE4EA /* PBXContainerItemProxy */;
		};
		219EE4541AD0DB8600045DF2 /* PBXTargetDependency */ = {
			isa = PBXTargetDependency;
			target = 219EE43C1AD0DB8500045DF2 /* Octomino */;
			targetProxy = 219EE4531AD0DB8600045DF2 /* PBXContainerItemProxy */;
		};
/* End PBXTargetDependency section */

/* Begin PBXVariantGroup section */
		219EE4461AD0DB8500045DF2 /* Main.storyboard */ = {
			isa = PBXVariantGroup;
			children = (
				219EE4471AD0DB8500045DF2 /* Base */,
			);
			name = Main.storyboard;
			sourceTree = "<group>";
		};
		219EE44B1AD0DB8500045DF2 /* LaunchScreen.xib */ = {
			isa = PBXVariantGroup;
			children = (
				219EE44C1AD0DB8500045DF2 /* Base */,
			);
			name = LaunchScreen.xib;
			sourceTree = "<group>";
		};
		21A860541B039F7E006ED4D3 /* Interface.storyboard */ = {
			isa = PBXVariantGroup;
			children = (
				21A860551B039F7E006ED4D3 /* Base */,
			);
			name = Interface.storyboard;
			sourceTree = "<group>";
		};
/* End PBXVariantGroup section */

/* Begin XCBuildConfiguration section */
		219EE45A1AD0DB8600045DF2 /* Debug */ = {
			isa = XCBuildConfiguration;
			buildSettings = {
				ALWAYS_SEARCH_USER_PATHS = NO;
				CLANG_CXX_LANGUAGE_STANDARD = "gnu++0x";
				CLANG_CXX_LIBRARY = "libc++";
				CLANG_ENABLE_MODULES = YES;
				CLANG_ENABLE_OBJC_ARC = YES;
				CLANG_WARN_BOOL_CONVERSION = YES;
				CLANG_WARN_CONSTANT_CONVERSION = YES;
				CLANG_WARN_DIRECT_OBJC_ISA_USAGE = YES_ERROR;
				CLANG_WARN_EMPTY_BODY = YES;
				CLANG_WARN_ENUM_CONVERSION = YES;
				CLANG_WARN_INT_CONVERSION = YES;
				CLANG_WARN_OBJC_ROOT_CLASS = YES_ERROR;
				CLANG_WARN_UNREACHABLE_CODE = YES;
				CLANG_WARN__DUPLICATE_METHOD_MATCH = YES;
				"CODE_SIGN_IDENTITY[sdk=iphoneos*]" = "iPhone Developer";
				COPY_PHASE_STRIP = NO;
				ENABLE_STRICT_OBJC_MSGSEND = YES;
				ENABLE_TESTABILITY = YES;
				GCC_C_LANGUAGE_STANDARD = gnu99;
				GCC_DYNAMIC_NO_PIC = NO;
				GCC_OPTIMIZATION_LEVEL = 0;
				GCC_PREPROCESSOR_DEFINITIONS = (
					"DEBUG=1",
					"$(inherited)",
				);
				GCC_SYMBOLS_PRIVATE_EXTERN = NO;
				GCC_WARN_64_TO_32_BIT_CONVERSION = YES;
				GCC_WARN_ABOUT_RETURN_TYPE = YES_ERROR;
				GCC_WARN_UNDECLARED_SELECTOR = YES;
				GCC_WARN_UNINITIALIZED_AUTOS = YES_AGGRESSIVE;
				GCC_WARN_UNUSED_FUNCTION = YES;
				GCC_WARN_UNUSED_VARIABLE = YES;
				IPHONEOS_DEPLOYMENT_TARGET = 9.2;
				MTL_ENABLE_DEBUG_INFO = YES;
				ONLY_ACTIVE_ARCH = YES;
				SDKROOT = iphoneos;
				SWIFT_OPTIMIZATION_LEVEL = "-Onone";
				TARGETED_DEVICE_FAMILY = "1,2";
			};
			name = Debug;
		};
		219EE45B1AD0DB8600045DF2 /* Release */ = {
			isa = XCBuildConfiguration;
			buildSettings = {
				ALWAYS_SEARCH_USER_PATHS = NO;
				CLANG_CXX_LANGUAGE_STANDARD = "gnu++0x";
				CLANG_CXX_LIBRARY = "libc++";
				CLANG_ENABLE_MODULES = YES;
				CLANG_ENABLE_OBJC_ARC = YES;
				CLANG_WARN_BOOL_CONVERSION = YES;
				CLANG_WARN_CONSTANT_CONVERSION = YES;
				CLANG_WARN_DIRECT_OBJC_ISA_USAGE = YES_ERROR;
				CLANG_WARN_EMPTY_BODY = YES;
				CLANG_WARN_ENUM_CONVERSION = YES;
				CLANG_WARN_INT_CONVERSION = YES;
				CLANG_WARN_OBJC_ROOT_CLASS = YES_ERROR;
				CLANG_WARN_UNREACHABLE_CODE = YES;
				CLANG_WARN__DUPLICATE_METHOD_MATCH = YES;
				CODE_SIGN_IDENTITY = "iPhone Distribution";
				"CODE_SIGN_IDENTITY[sdk=iphoneos*]" = "iPhone Distribution";
				COPY_PHASE_STRIP = NO;
				ENABLE_NS_ASSERTIONS = NO;
				ENABLE_STRICT_OBJC_MSGSEND = YES;
				GCC_C_LANGUAGE_STANDARD = gnu99;
				GCC_WARN_64_TO_32_BIT_CONVERSION = YES;
				GCC_WARN_ABOUT_RETURN_TYPE = YES_ERROR;
				GCC_WARN_UNDECLARED_SELECTOR = YES;
				GCC_WARN_UNINITIALIZED_AUTOS = YES_AGGRESSIVE;
				GCC_WARN_UNUSED_FUNCTION = YES;
				GCC_WARN_UNUSED_VARIABLE = YES;
				IPHONEOS_DEPLOYMENT_TARGET = 9.2;
				MTL_ENABLE_DEBUG_INFO = NO;
				SDKROOT = iphoneos;
				TARGETED_DEVICE_FAMILY = "1,2";
				VALIDATE_PRODUCT = YES;
			};
			name = Release;
		};
		219EE45D1AD0DB8600045DF2 /* Debug */ = {
			isa = XCBuildConfiguration;
			buildSettings = {
				ASSETCATALOG_COMPILER_APPICON_NAME = AppIcon;
				CODE_SIGN_IDENTITY = "iPhone Developer";
				INFOPLIST_FILE = Octomino/Info.plist;
				LD_RUNPATH_SEARCH_PATHS = "$(inherited) @executable_path/Frameworks";
				PRODUCT_BUNDLE_IDENTIFIER = "com.sepcot.$(PRODUCT_NAME:rfc1034identifier)";
				PRODUCT_NAME = "$(TARGET_NAME)";
			};
			name = Debug;
		};
		219EE45E1AD0DB8600045DF2 /* Release */ = {
			isa = XCBuildConfiguration;
			buildSettings = {
				ASSETCATALOG_COMPILER_APPICON_NAME = AppIcon;
				CODE_SIGN_IDENTITY = "iPhone Developer";
				INFOPLIST_FILE = Octomino/Info.plist;
				LD_RUNPATH_SEARCH_PATHS = "$(inherited) @executable_path/Frameworks";
				PRODUCT_BUNDLE_IDENTIFIER = "com.sepcot.$(PRODUCT_NAME:rfc1034identifier)";
				PRODUCT_NAME = "$(TARGET_NAME)";
			};
			name = Release;
		};
		219EE4601AD0DB8600045DF2 /* Debug */ = {
			isa = XCBuildConfiguration;
			buildSettings = {
				BUNDLE_LOADER = "$(TEST_HOST)";
				FRAMEWORK_SEARCH_PATHS = (
					"$(SDKROOT)/Developer/Library/Frameworks",
					"$(inherited)",
				);
				GCC_PREPROCESSOR_DEFINITIONS = (
					"DEBUG=1",
					"$(inherited)",
				);
				INFOPLIST_FILE = OctominoTests/Info.plist;
				LD_RUNPATH_SEARCH_PATHS = "$(inherited) @executable_path/Frameworks @loader_path/Frameworks";
				PRODUCT_BUNDLE_IDENTIFIER = "com.sepcot.$(PRODUCT_NAME:rfc1034identifier)";
				PRODUCT_NAME = "$(TARGET_NAME)";
				TEST_HOST = "$(BUILT_PRODUCTS_DIR)/Octomino.app/Octomino";
			};
			name = Debug;
		};
		219EE4611AD0DB8600045DF2 /* Release */ = {
			isa = XCBuildConfiguration;
			buildSettings = {
				BUNDLE_LOADER = "$(TEST_HOST)";
				FRAMEWORK_SEARCH_PATHS = (
					"$(SDKROOT)/Developer/Library/Frameworks",
					"$(inherited)",
				);
				INFOPLIST_FILE = OctominoTests/Info.plist;
				LD_RUNPATH_SEARCH_PATHS = "$(inherited) @executable_path/Frameworks @loader_path/Frameworks";
				PRODUCT_BUNDLE_IDENTIFIER = "com.sepcot.$(PRODUCT_NAME:rfc1034identifier)";
				PRODUCT_NAME = "$(TARGET_NAME)";
				TEST_HOST = "$(BUILT_PRODUCTS_DIR)/Octomino.app/Octomino";
			};
			name = Release;
		};
		21A8605C1B039F7F006ED4D3 /* Debug */ = {
			isa = XCBuildConfiguration;
			buildSettings = {
				CODE_SIGN_IDENTITY = "iPhone Developer";
				DEBUG_INFORMATION_FORMAT = "dwarf-with-dsym";
				GCC_NO_COMMON_BLOCKS = YES;
				GCC_PREPROCESSOR_DEFINITIONS = (
					"DEBUG=1",
					"$(inherited)",
				);
				INFOPLIST_FILE = "Octomino WatchKit Extension/Info.plist";
				IPHONEOS_DEPLOYMENT_TARGET = 8.2;
				LD_RUNPATH_SEARCH_PATHS = "$(inherited) @executable_path/Frameworks @executable_path/../../Frameworks";
				PRODUCT_BUNDLE_IDENTIFIER = com.sepcot.Octomino.watchkitapp.watchkitextension;
				PRODUCT_NAME = "${TARGET_NAME}";
				SDKROOT = watchos;
				SKIP_INSTALL = YES;
				TARGETED_DEVICE_FAMILY = 4;
				WATCHOS_DEPLOYMENT_TARGET = 2.0;
			};
			name = Debug;
		};
		21A8605D1B039F7F006ED4D3 /* Release */ = {
			isa = XCBuildConfiguration;
			buildSettings = {
				CODE_SIGN_IDENTITY = "iPhone Developer";
				DEBUG_INFORMATION_FORMAT = "dwarf-with-dsym";
				GCC_NO_COMMON_BLOCKS = YES;
				INFOPLIST_FILE = "Octomino WatchKit Extension/Info.plist";
				IPHONEOS_DEPLOYMENT_TARGET = 8.2;
				LD_RUNPATH_SEARCH_PATHS = "$(inherited) @executable_path/Frameworks @executable_path/../../Frameworks";
				PRODUCT_BUNDLE_IDENTIFIER = com.sepcot.Octomino.watchkitapp.watchkitextension;
				PRODUCT_NAME = "${TARGET_NAME}";
				SDKROOT = watchos;
				SKIP_INSTALL = YES;
				TARGETED_DEVICE_FAMILY = 4;
				WATCHOS_DEPLOYMENT_TARGET = 2.0;
			};
			name = Release;
		};
		21A8605E1B039F7F006ED4D3 /* Debug */ = {
			isa = XCBuildConfiguration;
			buildSettings = {
				ASSETCATALOG_COMPILER_APPICON_NAME = AppIcon;
				CODE_SIGN_IDENTITY = "iPhone Developer";
				DEBUG_INFORMATION_FORMAT = "dwarf-with-dsym";
				EMBEDDED_CONTENT_CONTAINS_SWIFT = YES;
				GCC_NO_COMMON_BLOCKS = YES;
				GCC_PREPROCESSOR_DEFINITIONS = (
					"DEBUG=1",
					"$(inherited)",
				);
				IBSC_MODULE = Octomino_WatchKit_Extension;
				INFOPLIST_FILE = "Octomino WatchKit App/Info.plist";
				PRODUCT_BUNDLE_IDENTIFIER = com.sepcot.Octomino.watchkitapp;
				PRODUCT_NAME = "$(TARGET_NAME)";
				SDKROOT = watchos;
				SKIP_INSTALL = YES;
				TARGETED_DEVICE_FAMILY = 4;
				WATCHOS_DEPLOYMENT_TARGET = 2.0;
			};
			name = Debug;
		};
		21A8605F1B039F7F006ED4D3 /* Release */ = {
			isa = XCBuildConfiguration;
			buildSettings = {
				ASSETCATALOG_COMPILER_APPICON_NAME = AppIcon;
				CODE_SIGN_IDENTITY = "iPhone Developer";
				DEBUG_INFORMATION_FORMAT = "dwarf-with-dsym";
				EMBEDDED_CONTENT_CONTAINS_SWIFT = YES;
				GCC_NO_COMMON_BLOCKS = YES;
				IBSC_MODULE = Octomino_WatchKit_Extension;
				INFOPLIST_FILE = "Octomino WatchKit App/Info.plist";
				PRODUCT_BUNDLE_IDENTIFIER = com.sepcot.Octomino.watchkitapp;
				PRODUCT_NAME = "$(TARGET_NAME)";
				SDKROOT = watchos;
				SKIP_INSTALL = YES;
				TARGETED_DEVICE_FAMILY = 4;
				WATCHOS_DEPLOYMENT_TARGET = 2.0;
			};
			name = Release;
		};
/* End XCBuildConfiguration section */

/* Begin XCConfigurationList section */
		219EE4381AD0DB8500045DF2 /* Build configuration list for PBXProject "Octomino" */ = {
			isa = XCConfigurationList;
			buildConfigurations = (
				219EE45A1AD0DB8600045DF2 /* Debug */,
				219EE45B1AD0DB8600045DF2 /* Release */,
			);
			defaultConfigurationIsVisible = 0;
			defaultConfigurationName = Release;
		};
		219EE45C1AD0DB8600045DF2 /* Build configuration list for PBXNativeTarget "Octomino" */ = {
			isa = XCConfigurationList;
			buildConfigurations = (
				219EE45D1AD0DB8600045DF2 /* Debug */,
				219EE45E1AD0DB8600045DF2 /* Release */,
			);
			defaultConfigurationIsVisible = 0;
			defaultConfigurationName = Release;
		};
		219EE45F1AD0DB8600045DF2 /* Build configuration list for PBXNativeTarget "OctominoTests" */ = {
			isa = XCConfigurationList;
			buildConfigurations = (
				219EE4601AD0DB8600045DF2 /* Debug */,
				219EE4611AD0DB8600045DF2 /* Release */,
			);
			defaultConfigurationIsVisible = 0;
			defaultConfigurationName = Release;
		};
		21A860601B039F7F006ED4D3 /* Build configuration list for PBXNativeTarget "Octomino WatchKit App" */ = {
			isa = XCConfigurationList;
			buildConfigurations = (
				21A8605E1B039F7F006ED4D3 /* Debug */,
				21A8605F1B039F7F006ED4D3 /* Release */,
			);
			defaultConfigurationIsVisible = 0;
			defaultConfigurationName = Release;
		};
		21A860611B039F7F006ED4D3 /* Build configuration list for PBXNativeTarget "Octomino WatchKit Extension" */ = {
			isa = XCConfigurationList;
			buildConfigurations = (
				21A8605C1B039F7F006ED4D3 /* Debug */,
				21A8605D1B039F7F006ED4D3 /* Release */,
			);
			defaultConfigurationIsVisible = 0;
			defaultConfigurationName = Release;
		};
/* End XCConfigurationList section */
	};
	rootObject = 219EE4351AD0DB8500045DF2 /* Project object */;
}
